
Microsoft Visual Studio Solution File, Format Version 12.00
# Visual Studio Version 17
VisualStudioVersion = 17.13.35806.99
MinimumVisualStudioVersion = 10.0.40219.1
Project("{8BC9CEB8-8B4A-11D0-8D11-00A0C91BC942}") = "CStudy", "CStudy.vcxproj", "{C8863FE1-C809-4AAB-AB10-A508A653BE31}"
EndProject
Project("{2150E333-8FDC-42A3-9474-1A3956D46DE8}") = "CH1", "CH1", "{C8D5274F-AC00-46C7-1F8D-E88E81087A52}"
EndProject
Project("{8BC9CEB8-8B4A-11D0-8D11-00A0C91BC942}") = "Ch1", "..\Ch1\Ch1.vcxproj", "{1448F898-55D9-49BB-949E-BB52387C640D}"
EndProject
Project("{2150E333-8FDC-42A3-9474-1A3956D46DE8}") = "CH2", "CH2", "{1AC4AD38-ED87-4CB3-B4F7-F92F43B0B6A9}"
EndProject
Project("{8BC9CEB8-8B4A-11D0-8D11-00A0C91BC942}") = "Ch2", "..\Ch2\Ch2.vcxproj", "{DBDD6F4A-81B7-4A9D-80BA-90F3185EC298}"
EndProject
Project("{2150E333-8FDC-42A3-9474-1A3956D46DE8}") = "CH3", "CH3", "{AC011FCE-BD7E-4F56-B3E0-DC181B6191EB}"
EndProject
Project("{8BC9CEB8-8B4A-11D0-8D11-00A0C91BC942}") = "Operator", "..\Operator\Operator.vcxproj", "{24A7B970-F733-46F2-908A-886E04FDADF1}"
EndProject
Project("{2150E333-8FDC-42A3-9474-1A3956D46DE8}") = "CH4", "CH4", "{E2F3BEBB-9A5D-4CA1-B58E-6A39992CDE37}"
EndProject
Project("{8BC9CEB8-8B4A-11D0-8D11-00A0C91BC942}") = "Ch4", "..\Ch4\Ch4.vcxproj", "{D0D91089-DA8A-49BA-B93F-528D88765B71}"
EndProject
Project("{2150E333-8FDC-42A3-9474-1A3956D46DE8}") = "CH5", "CH5", "{C83B1DB6-13AE-478A-BB32-0AD99A9906FD}"
EndProject
Project("{8BC9CEB8-8B4A-11D0-8D11-00A0C91BC942}") = "Ch5", "..\Ch5\Ch5.vcxproj", "{0B7FE54D-FF6D-4DC6-A83E-7E52C1A46F2B}"
EndProject
Project("{2150E333-8FDC-42A3-9474-1A3956D46DE8}") = "CH6", "CH6", "{B6F2B4A4-B587-4FF7-AA4F-17D067801C08}"
EndProject
Project("{8BC9CEB8-8B4A-11D0-8D11-00A0C91BC942}") = "main.c", "..\main.c\main.c.vcxproj", "{EDAB229D-897A-4999-97B0-491869D4EBAE}"
EndProject
Project("{2150E333-8FDC-42A3-9474-1A3956D46DE8}") = "CH7", "CH7", "{D01EA6E0-EAD1-483F-BDDB-BD22CBC6CB13}"
EndProject
Project("{8BC9CEB8-8B4A-11D0-8D11-00A0C91BC942}") = "Ch7", "..\Ch7\Ch7.vcxproj", "{AC819F04-2AB5-4CD7-AB4D-31D091C65549}"
EndProject
Project("{2150E333-8FDC-42A3-9474-1A3956D46DE8}") = "CH8", "CH8", "{85FB7505-B29C-4ADC-A55E-C606526A8C14}"
EndProject
Project("{8BC9CEB8-8B4A-11D0-8D11-00A0C91BC942}") = "Ch_8", "..\Ch_8\Ch_8.vcxproj", "{31A2F60D-ACD3-49E1-8C9A-409AB2D8CA94}"
EndProject
Global
	GlobalSection(SolutionConfigurationPlatforms) = preSolution
		Debug|x64 = Debug|x64
		Debug|x86 = Debug|x86
		Release|x64 = Release|x64
		Release|x86 = Release|x86
	EndGlobalSection
	GlobalSection(ProjectConfigurationPlatforms) = postSolution
		{C8863FE1-C809-4AAB-AB10-A508A653BE31}.Debug|x64.ActiveCfg = Debug|x64
		{C8863FE1-C809-4AAB-AB10-A508A653BE31}.Debug|x64.Build.0 = Debug|x64
		{C8863FE1-C809-4AAB-AB10-A508A653BE31}.Debug|x86.ActiveCfg = Debug|Win32
		{C8863FE1-C809-4AAB-AB10-A508A653BE31}.Debug|x86.Build.0 = Debug|Win32
		{C8863FE1-C809-4AAB-AB10-A508A653BE31}.Release|x64.ActiveCfg = Release|x64
		{C8863FE1-C809-4AAB-AB10-A508A653BE31}.Release|x64.Build.0 = Release|x64
		{C8863FE1-C809-4AAB-AB10-A508A653BE31}.Release|x86.ActiveCfg = Release|Win32
		{C8863FE1-C809-4AAB-AB10-A508A653BE31}.Release|x86.Build.0 = Release|Win32
		{1448F898-55D9-49BB-949E-BB52387C640D}.Debug|x64.ActiveCfg = Debug|x64
		{1448F898-55D9-49BB-949E-BB52387C640D}.Debug|x64.Build.0 = Debug|x64
		{1448F898-55D9-49BB-949E-BB52387C640D}.Debug|x86.ActiveCfg = Debug|Win32
		{1448F898-55D9-49BB-949E-BB52387C640D}.Debug|x86.Build.0 = Debug|Win32
		{1448F898-55D9-49BB-949E-BB52387C640D}.Release|x64.ActiveCfg = Release|x64
		{1448F898-55D9-49BB-949E-BB52387C640D}.Release|x64.Build.0 = Release|x64
		{1448F898-55D9-49BB-949E-BB52387C640D}.Release|x86.ActiveCfg = Release|Win32
		{1448F898-55D9-49BB-949E-BB52387C640D}.Release|x86.Build.0 = Release|Win32
		{DBDD6F4A-81B7-4A9D-80BA-90F3185EC298}.Debug|x64.ActiveCfg = Debug|x64
		{DBDD6F4A-81B7-4A9D-80BA-90F3185EC298}.Debug|x64.Build.0 = Debug|x64
		{DBDD6F4A-81B7-4A9D-80BA-90F3185EC298}.Debug|x86.ActiveCfg = Debug|Win32
		{DBDD6F4A-81B7-4A9D-80BA-90F3185EC298}.Debug|x86.Build.0 = Debug|Win32
		{DBDD6F4A-81B7-4A9D-80BA-90F3185EC298}.Release|x64.ActiveCfg = Release|x64
		{DBDD6F4A-81B7-4A9D-80BA-90F3185EC298}.Release|x64.Build.0 = Release|x64
		{DBDD6F4A-81B7-4A9D-80BA-90F3185EC298}.Release|x86.ActiveCfg = Release|Win32
		{DBDD6F4A-81B7-4A9D-80BA-90F3185EC298}.Release|x86.Build.0 = Release|Win32
		{24A7B970-F733-46F2-908A-886E04FDADF1}.Debug|x64.ActiveCfg = Debug|x64
		{24A7B970-F733-46F2-908A-886E04FDADF1}.Debug|x64.Build.0 = Debug|x64
		{24A7B970-F733-46F2-908A-886E04FDADF1}.Debug|x86.ActiveCfg = Debug|Win32
		{24A7B970-F733-46F2-908A-886E04FDADF1}.Debug|x86.Build.0 = Debug|Win32
		{24A7B970-F733-46F2-908A-886E04FDADF1}.Release|x64.ActiveCfg = Release|x64
		{24A7B970-F733-46F2-908A-886E04FDADF1}.Release|x64.Build.0 = Release|x64
		{24A7B970-F733-46F2-908A-886E04FDADF1}.Release|x86.ActiveCfg = Release|Win32
		{24A7B970-F733-46F2-908A-886E04FDADF1}.Release|x86.Build.0 = Release|Win32
		{D0D91089-DA8A-49BA-B93F-528D88765B71}.Debug|x64.ActiveCfg = Debug|x64
		{D0D91089-DA8A-49BA-B93F-528D88765B71}.Debug|x64.Build.0 = Debug|x64
		{D0D91089-DA8A-49BA-B93F-528D88765B71}.Debug|x86.ActiveCfg = Debug|Win32
		{D0D91089-DA8A-49BA-B93F-528D88765B71}.Debug|x86.Build.0 = Debug|Win32
		{D0D91089-DA8A-49BA-B93F-528D88765B71}.Release|x64.ActiveCfg = Release|x64
		{D0D91089-DA8A-49BA-B93F-528D88765B71}.Release|x64.Build.0 = Release|x64
		{D0D91089-DA8A-49BA-B93F-528D88765B71}.Release|x86.ActiveCfg = Release|Win32
		{D0D91089-DA8A-49BA-B93F-528D88765B71}.Release|x86.Build.0 = Release|Win32
		{0B7FE54D-FF6D-4DC6-A83E-7E52C1A46F2B}.Debug|x64.ActiveCfg = Debug|x64
		{0B7FE54D-FF6D-4DC6-A83E-7E52C1A46F2B}.Debug|x64.Build.0 = Debug|x64
		{0B7FE54D-FF6D-4DC6-A83E-7E52C1A46F2B}.Debug|x86.ActiveCfg = Debug|Win32
		{0B7FE54D-FF6D-4DC6-A83E-7E52C1A46F2B}.Debug|x86.Build.0 = Debug|Win32
		{0B7FE54D-FF6D-4DC6-A83E-7E52C1A46F2B}.Release|x64.ActiveCfg = Release|x64
		{0B7FE54D-FF6D-4DC6-A83E-7E52C1A46F2B}.Release|x64.Build.0 = Release|x64
		{0B7FE54D-FF6D-4DC6-A83E-7E52C1A46F2B}.Release|x86.ActiveCfg = Release|Win32
		{0B7FE54D-FF6D-4DC6-A83E-7E52C1A46F2B}.Release|x86.Build.0 = Release|Win32
		{EDAB229D-897A-4999-97B0-491869D4EBAE}.Debug|x64.ActiveCfg = Debug|x64
		{EDAB229D-897A-4999-97B0-491869D4EBAE}.Debug|x64.Build.0 = Debug|x64
		{EDAB229D-897A-4999-97B0-491869D4EBAE}.Debug|x86.ActiveCfg = Debug|Win32
		{EDAB229D-897A-4999-97B0-491869D4EBAE}.Debug|x86.Build.0 = Debug|Win32
		{EDAB229D-897A-4999-97B0-491869D4EBAE}.Release|x64.ActiveCfg = Release|x64
		{EDAB229D-897A-4999-97B0-491869D4EBAE}.Release|x64.Build.0 = Release|x64
		{EDAB229D-897A-4999-97B0-491869D4EBAE}.Release|x86.ActiveCfg = Release|Win32
		{EDAB229D-897A-4999-97B0-491869D4EBAE}.Release|x86.Build.0 = Release|Win32
		{AC819F04-2AB5-4CD7-AB4D-31D091C65549}.Debug|x64.ActiveCfg = Debug|x64
		{AC819F04-2AB5-4CD7-AB4D-31D091C65549}.Debug|x64.Build.0 = Debug|x64
		{AC819F04-2AB5-4CD7-AB4D-31D091C65549}.Debug|x86.ActiveCfg = Debug|Win32
		{AC819F04-2AB5-4CD7-AB4D-31D091C65549}.Debug|x86.Build.0 = Debug|Win32
		{AC819F04-2AB5-4CD7-AB4D-31D091C65549}.Release|x64.ActiveCfg = Release|x64
		{AC819F04-2AB5-4CD7-AB4D-31D091C65549}.Release|x64.Build.0 = Release|x64
		{AC819F04-2AB5-4CD7-AB4D-31D091C65549}.Release|x86.ActiveCfg = Release|Win32
		{AC819F04-2AB5-4CD7-AB4D-31D091C65549}.Release|x86.Build.0 = Release|Win32
		{31A2F60D-ACD3-49E1-8C9A-409AB2D8CA94}.Debug|x64.ActiveCfg = Debug|x64
		{31A2F60D-ACD3-49E1-8C9A-409AB2D8CA94}.Debug|x64.Build.0 = Debug|x64
		{31A2F60D-ACD3-49E1-8C9A-409AB2D8CA94}.Debug|x86.ActiveCfg = Debug|Win32
		{31A2F60D-ACD3-49E1-8C9A-409AB2D8CA94}.Debug|x86.Build.0 = Debug|Win32
		{31A2F60D-ACD3-49E1-8C9A-409AB2D8CA94}.Release|x64.ActiveCfg = Release|x64
		{31A2F60D-ACD3-49E1-8C9A-409AB2D8CA94}.Release|x64.Build.0 = Release|x64
		{31A2F60D-ACD3-49E1-8C9A-409AB2D8CA94}.Release|x86.ActiveCfg = Release|Win32
		{31A2F60D-ACD3-49E1-8C9A-409AB2D8CA94}.Release|x86.Build.0 = Release|Win32
	EndGlobalSection
	GlobalSection(SolutionProperties) = preSolution
		HideSolutionNode = FALSE
	EndGlobalSection
	GlobalSection(NestedProjects) = preSolution
		{1448F898-55D9-49BB-949E-BB52387C640D} = {C8D5274F-AC00-46C7-1F8D-E88E81087A52}
		{DBDD6F4A-81B7-4A9D-80BA-90F3185EC298} = {1AC4AD38-ED87-4CB3-B4F7-F92F43B0B6A9}
		{24A7B970-F733-46F2-908A-886E04FDADF1} = {AC011FCE-BD7E-4F56-B3E0-DC181B6191EB}
		{D0D91089-DA8A-49BA-B93F-528D88765B71} = {E2F3BEBB-9A5D-4CA1-B58E-6A39992CDE37}
		{0B7FE54D-FF6D-4DC6-A83E-7E52C1A46F2B} = {C83B1DB6-13AE-478A-BB32-0AD99A9906FD}
		{EDAB229D-897A-4999-97B0-491869D4EBAE} = {B6F2B4A4-B587-4FF7-AA4F-17D067801C08}
		{AC819F04-2AB5-4CD7-AB4D-31D091C65549} = {D01EA6E0-EAD1-483F-BDDB-BD22CBC6CB13}
		{31A2F60D-ACD3-49E1-8C9A-409AB2D8CA94} = {85FB7505-B29C-4ADC-A55E-C606526A8C14}
	EndGlobalSection
	GlobalSection(ExtensibilityGlobals) = postSolution
		SolutionGuid = {75F334FB-5430-4E73-AEF6-AC79826D8788}
	EndGlobalSection
EndGlobal
